PODS:
  - Alamofire (5.5.0)
  - AlamofireImage (4.2.0):
    - Alamofire (~> 5.4)
  - Realm (10.21.0):
    - Realm/Headers (= 10.21.0)
  - Realm/Headers (10.21.0)
  - RealmSwift (10.21.0):
    - Realm (= 10.21.0)

DEPENDENCIES:
  - AlamofireImage
  - RealmSwift

SPEC REPOS:
  trunk:
    - Alamofire
    - AlamofireImage
    - Realm
    - RealmSwift

SPEC CHECKSUMS:
  Alamofire: 1c4fb5369c3fe93d2857c780d8bbe09f06f97e7c
  AlamofireImage: 34a2d90b0e5fe6a5605f85ae4b7b01e784c60192
  Realm: 55220cda83aabd773740d18518e05fdbe00b87cc
  RealmSwift: 129dce1dd6b5d9194a37f568aaf32a6c10d1a803

PODFILE CHECKSUM: f5f549657e1d072a4c15f7c50ee4d3861d6ebd15

COCOAPODS: 1.11.2
